
Microsoft Visual Studio Solution File, Format Version 12.00
# Visual Studio Version 17
VisualStudioVersion = 17.3.32804.467
MinimumVisualStudioVersion = 10.0.40219.1
Project("{FAE04EC0-301F-11D3-BF4B-00C04F79EFBC}") = "sep30", "sep30\sep30.csproj", "{2850D445-E197-4C99-B971-EC4622918C28}"
EndProject
Project("{FAE04EC0-301F-11D3-BF4B-00C04F79EFBC}") = "CustLibrary", "CustLibrary\CustLibrary.csproj", "{CA646D83-FEAE-40C1-9529-C2F1135D5A12}"
EndProject
Global
	GlobalSection(SolutionConfigurationPlatforms) = preSolution
		Debug|Any CPU = Debug|Any CPU
		Release|Any CPU = Release|Any CPU
	EndGlobalSection
	GlobalSection(ProjectConfigurationPlatforms) = postSolution
		{2850D445-E197-4C99-B971-EC4622918C28}.Debug|Any CPU.ActiveCfg = Debug|Any CPU
		{2850D445-E197-4C99-B971-EC4622918C28}.Debug|Any CPU.Build.0 = Debug|Any CPU
		{2850D445-E197-4C99-B971-EC4622918C28}.Release|Any CPU.ActiveCfg = Release|Any CPU
		{2850D445-E197-4C99-B971-EC4622918C28}.Release|Any CPU.Build.0 = Release|Any CPU
		{CA646D83-FEAE-40C1-9529-C2F1135D5A12}.Debug|Any CPU.ActiveCfg = Debug|Any CPU
		{CA646D83-FEAE-40C1-9529-C2F1135D5A12}.Debug|Any CPU.Build.0 = Debug|Any CPU
		{CA646D83-FEAE-40C1-9529-C2F1135D5A12}.Release|Any CPU.ActiveCfg = Release|Any CPU
		{CA646D83-FEAE-40C1-9529-C2F1135D5A12}.Release|Any CPU.Build.0 = Release|Any CPU
	EndGlobalSection
	GlobalSection(SolutionProperties) = preSolution
		HideSolutionNode = FALSE
	EndGlobalSection
	GlobalSection(ExtensibilityGlobals) = postSolution
		SolutionGuid = {8072879B-8B9C-45BF-81C9-AA596BF7D472}
	EndGlobalSection
EndGlobal
